
Microsoft Visual Studio Solution File, Format Version 12.00
# Visual Studio Version 17
VisualStudioVersion = 17.0.32002.185
MinimumVisualStudioVersion = 10.0.40219.1
Project("{FAE04EC0-301F-11D3-BF4B-00C04F79EFBC}") = "RQ.Nuget.Console.Test", "RQ.Nuget.Console.Test.csproj", "{BA111673-2E2E-4FB3-B614-C5AB0F6E36AB}"
EndProject
Global
	GlobalSection(SolutionConfigurationPlatforms) = preSolution
		Debug|Any CPU = Debug|Any CPU
		Release|Any CPU = Release|Any CPU
	EndGlobalSection
	GlobalSection(ProjectConfigurationPlatforms) = postSolution
		{BA111673-2E2E-4FB3-B614-C5AB0F6E36AB}.Debug|Any CPU.ActiveCfg = Debug|Any CPU
		{BA111673-2E2E-4FB3-B614-C5AB0F6E36AB}.Debug|Any CPU.Build.0 = Debug|Any CPU
		{BA111673-2E2E-4FB3-B614-C5AB0F6E36AB}.Release|Any CPU.ActiveCfg = Release|Any CPU
		{BA111673-2E2E-4FB3-B614-C5AB0F6E36AB}.Release|Any CPU.Build.0 = Release|Any CPU
	EndGlobalSection
	GlobalSection(SolutionProperties) = preSolution
		HideSolutionNode = FALSE
	EndGlobalSection
	GlobalSection(ExtensibilityGlobals) = postSolution
		SolutionGuid = {217EBEEC-9CE8-447E-9B5B-D72789F20B25}
	EndGlobalSection
EndGlobal
